Microsoft Visual Studio Solution File, Format Version 12.00
# Visual Studio Version 17
VisualStudioVersion = 17.5.2.0
MinimumVisualStudioVersion = 10.0.40219.1
Project("{FAE04EC0-301F-11D3-BF4B-00C04F79EFBC}") = "Enum2String", "Enum2String.csproj", "{22B8DC19-CAC6-2202-BA2C-0B50D1E2C987}"
EndProject
Global
	GlobalSection(SolutionConfigurationPlatforms) = preSolution
		Debug|Any CPU = Debug|Any CPU
		Release|Any CPU = Release|Any CPU
	EndGlobalSection
	GlobalSection(ProjectConfigurationPlatforms) = postSolution
		{22B8DC19-CAC6-2202-BA2C-0B50D1E2C987}.Debug|Any CPU.ActiveCfg = Debug|Any CPU
		{22B8DC19-CAC6-2202-BA2C-0B50D1E2C987}.Debug|Any CPU.Build.0 = Debug|Any CPU
		{22B8DC19-CAC6-2202-BA2C-0B50D1E2C987}.Release|Any CPU.ActiveCfg = Release|Any CPU
		{22B8DC19-CAC6-2202-BA2C-0B50D1E2C987}.Release|Any CPU.Build.0 = Release|Any CPU
	EndGlobalSection
	GlobalSection(SolutionProperties) = preSolution
		HideSolutionNode = FALSE
	EndGlobalSection
	GlobalSection(ExtensibilityGlobals) = postSolution
		SolutionGuid = {23C3198B-8581-46AC-9D18-6C4B339C91B4}
	EndGlobalSection
EndGlobal
